
Microsoft Visual Studio Solution File, Format Version 12.00
# Visual Studio Version 16
VisualStudioVersion = 16.0.30523.141
MinimumVisualStudioVersion = 10.0.40219.1
Project("{FAE04EC0-301F-11D3-BF4B-00C04F79EFBC}") = "SwitchStatements", "SwitchStatements\SwitchStatements.csproj", "{19A94EFF-851D-4F7E-AFC1-6E3DE9552185}"
EndProject
Global
	GlobalSection(SolutionConfigurationPlatforms) = preSolution
		Debug|Any CPU = Debug|Any CPU
		Release|Any CPU = Release|Any CPU
	EndGlobalSection
	GlobalSection(ProjectConfigurationPlatforms) = postSolution
		{19A94EFF-851D-4F7E-AFC1-6E3DE9552185}.Debug|Any CPU.ActiveCfg = Debug|Any CPU
		{19A94EFF-851D-4F7E-AFC1-6E3DE9552185}.Debug|Any CPU.Build.0 = Debug|Any CPU
		{19A94EFF-851D-4F7E-AFC1-6E3DE9552185}.Release|Any CPU.ActiveCfg = Release|Any CPU
		{19A94EFF-851D-4F7E-AFC1-6E3DE9552185}.Release|Any CPU.Build.0 = Release|Any CPU
	EndGlobalSection
	GlobalSection(SolutionProperties) = preSolution
		HideSolutionNode = FALSE
	EndGlobalSection
	GlobalSection(ExtensibilityGlobals) = postSolution
		SolutionGuid = {5467D36C-1263-4619-92FB-4F48C7806177}
	EndGlobalSection
EndGlobal
